
Microsoft Visual Studio Solution File, Format Version 12.00
# Visual Studio Version 16
VisualStudioVersion = 16.0.30225.117
MinimumVisualStudioVersion = 10.0.40219.1
Project("{FAE04EC0-301F-11D3-BF4B-00C04F79EFBC}") = "Employee_Stored_Procedure", "Employee_Stored_Procedure\Employee_Stored_Procedure.csproj", "{D60A0350-80DB-4967-9DC9-DDE1197712FF}"
EndProject
Project("{FAE04EC0-301F-11D3-BF4B-00C04F79EFBC}") = "EmployeeDataAccess", "EmployeeDataAccess\EmployeeDataAccess.csproj", "{9CDBAF5E-8BCD-440F-8C1D-7AA6994BB60B}"
EndProject
Global
	GlobalSection(SolutionConfigurationPlatforms) = preSolution
		Debug|Any CPU = Debug|Any CPU
		Release|Any CPU = Release|Any CPU
	EndGlobalSection
	GlobalSection(ProjectConfigurationPlatforms) = postSolution
		{D60A0350-80DB-4967-9DC9-DDE1197712FF}.Debug|Any CPU.ActiveCfg = Debug|Any CPU
		{D60A0350-80DB-4967-9DC9-DDE1197712FF}.Debug|Any CPU.Build.0 = Debug|Any CPU
		{D60A0350-80DB-4967-9DC9-DDE1197712FF}.Release|Any CPU.ActiveCfg = Release|Any CPU
		{D60A0350-80DB-4967-9DC9-DDE1197712FF}.Release|Any CPU.Build.0 = Release|Any CPU
		{9CDBAF5E-8BCD-440F-8C1D-7AA6994BB60B}.Debug|Any CPU.ActiveCfg = Debug|Any CPU
		{9CDBAF5E-8BCD-440F-8C1D-7AA6994BB60B}.Debug|Any CPU.Build.0 = Debug|Any CPU
		{9CDBAF5E-8BCD-440F-8C1D-7AA6994BB60B}.Release|Any CPU.ActiveCfg = Release|Any CPU
		{9CDBAF5E-8BCD-440F-8C1D-7AA6994BB60B}.Release|Any CPU.Build.0 = Release|Any CPU
	EndGlobalSection
	GlobalSection(SolutionProperties) = preSolution
		HideSolutionNode = FALSE
	EndGlobalSection
	GlobalSection(ExtensibilityGlobals) = postSolution
		SolutionGuid = {9DAB204B-1077-4EB9-816E-A7B63132396A}
	EndGlobalSection
EndGlobal
