
Microsoft Visual Studio Solution File, Format Version 12.00
# Visual Studio Version 16
VisualStudioVersion = 16.0.30225.117
MinimumVisualStudioVersion = 10.0.40219.1
Project("{FAE04EC0-301F-11D3-BF4B-00C04F79EFBC}") = "EmployeeService", "EmployeeService\EmployeeService.csproj", "{67052F13-5907-43ED-BC5A-B3C7BEDFEDE7}"
EndProject
Project("{FAE04EC0-301F-11D3-BF4B-00C04F79EFBC}") = "EmployeeDataAccess", "EmployeeDataAccess\EmployeeDataAccess.csproj", "{3ADD6420-07AA-4177-9F26-68F721ECBA68}"
EndProject
Global
	GlobalSection(SolutionConfigurationPlatforms) = preSolution
		Debug|Any CPU = Debug|Any CPU
		Release|Any CPU = Release|Any CPU
	EndGlobalSection
	GlobalSection(ProjectConfigurationPlatforms) = postSolution
		{67052F13-5907-43ED-BC5A-B3C7BEDFEDE7}.Debug|Any CPU.ActiveCfg = Debug|Any CPU
		{67052F13-5907-43ED-BC5A-B3C7BEDFEDE7}.Debug|Any CPU.Build.0 = Debug|Any CPU
		{67052F13-5907-43ED-BC5A-B3C7BEDFEDE7}.Release|Any CPU.ActiveCfg = Release|Any CPU
		{67052F13-5907-43ED-BC5A-B3C7BEDFEDE7}.Release|Any CPU.Build.0 = Release|Any CPU
		{3ADD6420-07AA-4177-9F26-68F721ECBA68}.Debug|Any CPU.ActiveCfg = Debug|Any CPU
		{3ADD6420-07AA-4177-9F26-68F721ECBA68}.Debug|Any CPU.Build.0 = Debug|Any CPU
		{3ADD6420-07AA-4177-9F26-68F721ECBA68}.Release|Any CPU.ActiveCfg = Release|Any CPU
		{3ADD6420-07AA-4177-9F26-68F721ECBA68}.Release|Any CPU.Build.0 = Release|Any CPU
	EndGlobalSection
	GlobalSection(SolutionProperties) = preSolution
		HideSolutionNode = FALSE
	EndGlobalSection
	GlobalSection(ExtensibilityGlobals) = postSolution
		SolutionGuid = {45E233EE-F0F9-456A-9A8D-E89B421F88B1}
	EndGlobalSection
EndGlobal
